
Microsoft Visual Studio Solution File, Format Version 12.00
# Visual Studio Version 17
VisualStudioVersion = 17.0.32112.339
MinimumVisualStudioVersion = 10.0.40219.1
Project("{9A19103F-16F7-4668-BE54-9A1E7A4F7556}") = "minesweeper", "minesweeper\minesweeper.csproj", "{C7080808-7D2B-44F2-B1C9-246C7450E674}"
EndProject
Global
	GlobalSection(SolutionConfigurationPlatforms) = preSolution
		Debug|Any CPU = Debug|Any CPU
		Release|Any CPU = Release|Any CPU
	EndGlobalSection
	GlobalSection(ProjectConfigurationPlatforms) = postSolution
		{C7080808-7D2B-44F2-B1C9-246C7450E674}.Debug|Any CPU.ActiveCfg = Debug|Any CPU
		{C7080808-7D2B-44F2-B1C9-246C7450E674}.Debug|Any CPU.Build.0 = Debug|Any CPU
		{C7080808-7D2B-44F2-B1C9-246C7450E674}.Release|Any CPU.ActiveCfg = Release|Any CPU
		{C7080808-7D2B-44F2-B1C9-246C7450E674}.Release|Any CPU.Build.0 = Release|Any CPU
	EndGlobalSection
	GlobalSection(SolutionProperties) = preSolution
		HideSolutionNode = FALSE
	EndGlobalSection
	GlobalSection(ExtensibilityGlobals) = postSolution
		SolutionGuid = {5477E10D-A22D-496A-8C73-AC5626DC8AD3}
	EndGlobalSection
EndGlobal
